// !$*UTF8*$!
{
	archiveVersion = 1;
	classes = {
	};
	objectVersion = 50;
	objects = {

/* Begin PBXBuildFile section */
		70F1FD9F25F2E00100C1AD80 /* AppDelegate.swift in Sources */ = {isa = PBXBuildFile; fileRef = 70F1FD9E25F2E00100C1AD80 /* AppDelegate.swift */; };
		70F1FDA125F2E00100C1AD80 /* SceneDelegate.swift in Sources */ = {isa = PBXBuildFile; fileRef = 70F1FDA025F2E00100C1AD80 /* SceneDelegate.swift */; };
		70F1FDA325F2E00100C1AD80 /* NewOrderViewController.swift in Sources */ = {isa = PBXBuildFile; fileRef = 70F1FDA225F2E00100C1AD80 /* NewOrderViewController.swift */; };
		70F1FDA925F2E00100C1AD80 /* Bot_Shop.xcdatamodeld in Sources */ = {isa = PBXBuildFile; fileRef = 70F1FDA725F2E00100C1AD80 /* Bot_Shop.xcdatamodeld */; };
		70F1FDAB25F2E00E00C1AD80 /* Assets.xcassets in Resources */ = {isa = PBXBuildFile; fileRef = 70F1FDAA25F2E00E00C1AD80 /* Assets.xcassets */; };
		70F1FDAE25F2E00E00C1AD80 /* LaunchScreen.storyboard in Resources */ = {isa = PBXBuildFile; fileRef = 70F1FDAC25F2E00E00C1AD80 /* LaunchScreen.storyboard */; };
		70F1FDB925F2E00F00C1AD80 /* Bot_ShopTests.swift in Sources */ = {isa = PBXBuildFile; fileRef = 70F1FDB825F2E00F00C1AD80 /* Bot_ShopTests.swift */; };
		70F1FDC425F2E00F00C1AD80 /* Bot_ShopUITests.swift in Sources */ = {isa = PBXBuildFile; fileRef = 70F1FDC325F2E00F00C1AD80 /* Bot_ShopUITests.swift */; };
		70F1FDDB25F2E4BD00C1AD80 /* PastOrderViewController.swift in Sources */ = {isa = PBXBuildFile; fileRef = 70F1FDDA25F2E4BD00C1AD80 /* PastOrderViewController.swift */; };
		70F1FDE025F2E52B00C1AD80 /* TabBarController.swift in Sources */ = {isa = PBXBuildFile; fileRef = 70F1FDDF25F2E52B00C1AD80 /* TabBarController.swift */; };
		70F1FDE825F2E86000C1AD80 /* NewItemCell.swift in Sources */ = {isa = PBXBuildFile; fileRef = 70F1FDE725F2E86000C1AD80 /* NewItemCell.swift */; };
		70F1FDED25F2EC8B00C1AD80 /* Item.swift in Sources */ = {isa = PBXBuildFile; fileRef = 70F1FDEC25F2EC8B00C1AD80 /* Item.swift */; };
		70F1FDF225F2F10E00C1AD80 /* PastOrderCell.swift in Sources */ = {isa = PBXBuildFile; fileRef = 70F1FDF125F2F10E00C1AD80 /* PastOrderCell.swift */; };
		70F1FDF725F2F44300C1AD80 /* Order.swift in Sources */ = {isa = PBXBuildFile; fileRef = 70F1FDF625F2F44300C1AD80 /* Order.swift */; };
		70F1FDFC25F2F79400C1AD80 /* OrderList.swift in Sources */ = {isa = PBXBuildFile; fileRef = 70F1FDFB25F2F79400C1AD80 /* OrderList.swift */; };
/* End PBXBuildFile section */

/* Begin PBXContainerItemProxy section */
		70F1FDB525F2E00F00C1AD80 /* PBXContainerItemProxy */ = {
			isa = PBXContainerItemProxy;
			containerPortal = 70F1FD9325F2E00100C1AD80 /* Project object */;
			proxyType = 1;
			remoteGlobalIDString = 70F1FD9A25F2E00100C1AD80;
			remoteInfo = "Bot Shop";
		};
		70F1FDC025F2E00F00C1AD80 /* PBXContainerItemProxy */ = {
			isa = PBXContainerItemProxy;
			containerPortal = 70F1FD9325F2E00100C1AD80 /* Project object */;
			proxyType = 1;
			remoteGlobalIDString = 70F1FD9A25F2E00100C1AD80;
			remoteInfo = "Bot Shop";
		};
/* End PBXContainerItemProxy section */

/* Begin PBXFileReference section */
		70F1FD9B25F2E00100C1AD80 /* Bot Shop.app */ = {isa = PBXFileReference; explicitFileType = wrapper.application; includeInIndex = 0; path = "Bot Shop.app"; sourceTree = BUILT_PRODUCTS_DIR; };
		70F1FD9E25F2E00100C1AD80 /* AppDelegate.swift */ = {isa = PBXFileReference; lastKnownFileType = sourcecode.swift; path = AppDelegate.swift; sourceTree = "<group>"; };
		70F1FDA025F2E00100C1AD80 /* SceneDelegate.swift */ = {isa = PBXFileReference; lastKnownFileType = sourcecode.swift; path = SceneDelegate.swift; sourceTree = "<group>"; };
		70F1FDA225F2E00100C1AD80 /* NewOrderViewController.swift */ = {isa = PBXFileReference; lastKnownFileType = sourcecode.swift; path = NewOrderViewController.swift; sourceTree = "<group>"; };
		70F1FDA825F2E00100C1AD80 /* Bot_Shop.xcdatamodel */ = {isa = PBXFileReference; lastKnownFileType = wrapper.xcdatamodel; path = Bot_Shop.xcdatamodel; sourceTree = "<group>"; };
		70F1FDAA25F2E00E00C1AD80 /* Assets.xcassets */ = {isa = PBXFileReference; lastKnownFileType = folder.assetcatalog; path = Assets.xcassets; sourceTree = "<group>"; };
		70F1FDAD25F2E00E00C1AD80 /* Base */ = {isa = PBXFileReference; lastKnownFileType = file.storyboard; name = Base; path = Base.lproj/LaunchScreen.storyboard; sourceTree = "<group>"; };
		70F1FDAF25F2E00E00C1AD80 /* Info.plist */ = {isa = PBXFileReference; lastKnownFileType = text.plist.xml; path = Info.plist; sourceTree = "<group>"; };
		70F1FDB425F2E00F00C1AD80 /* Bot ShopTests.xctest */ = {isa = PBXFileReference; explicitFileType = wrapper.cfbundle; includeInIndex = 0; path = "Bot ShopTests.xctest"; sourceTree = BUILT_PRODUCTS_DIR; };
		70F1FDB825F2E00F00C1AD80 /* Bot_ShopTests.swift */ = {isa = PBXFileReference; lastKnownFileType = sourcecode.swift; path = Bot_ShopTests.swift; sourceTree = "<group>"; };
		70F1FDBA25F2E00F00C1AD80 /* Info.plist */ = {isa = PBXFileReference; lastKnownFileType = text.plist.xml; path = Info.plist; sourceTree = "<group>"; };
		70F1FDBF25F2E00F00C1AD80 /* Bot ShopUITests.xctest */ = {isa = PBXFileReference; explicitFileType = wrapper.cfbundle; includeInIndex = 0; path = "Bot ShopUITests.xctest"; sourceTree = BUILT_PRODUCTS_DIR; };
		70F1FDC325F2E00F00C1AD80 /* Bot_ShopUITests.swift */ = {isa = PBXFileReference; lastKnownFileType = sourcecode.swift; path = Bot_ShopUITests.swift; sourceTree = "<group>"; };
		70F1FDC525F2E00F00C1AD80 /* Info.plist */ = {isa = PBXFileReference; lastKnownFileType = text.plist.xml; path = Info.plist; sourceTree = "<group>"; };
		70F1FDDA25F2E4BD00C1AD80 /* PastOrderViewController.swift */ = {isa = PBXFileReference; lastKnownFileType = sourcecode.swift; path = PastOrderViewController.swift; sourceTree = "<group>"; };
		70F1FDDF25F2E52B00C1AD80 /* TabBarController.swift */ = {isa = PBXFileReference; lastKnownFileType = sourcecode.swift; path = TabBarController.swift; sourceTree = "<group>"; };
		70F1FDE725F2E86000C1AD80 /* NewItemCell.swift */ = {isa = PBXFileReference; lastKnownFileType = sourcecode.swift; path = NewItemCell.swift; sourceTree = "<group>"; };
		70F1FDEC25F2EC8B00C1AD80 /* Item.swift */ = {isa = PBXFileReference; lastKnownFileType = sourcecode.swift; path = Item.swift; sourceTree = "<group>"; };
		70F1FDF125F2F10E00C1AD80 /* PastOrderCell.swift */ = {isa = PBXFileReference; lastKnownFileType = sourcecode.swift; path = PastOrderCell.swift; sourceTree = "<group>"; };
		70F1FDF625F2F44300C1AD80 /* Order.swift */ = {isa = PBXFileReference; lastKnownFileType = sourcecode.swift; path = Order.swift; sourceTree = "<group>"; };
		70F1FDFB25F2F79400C1AD80 /* OrderList.swift */ = {isa = PBXFileReference; lastKnownFileType = sourcecode.swift; path = OrderList.swift; sourceTree = "<group>"; };
/* End PBXFileReference section */

/* Begin PBXFrameworksBuildPhase section */
		70F1FD9825F2E00100C1AD80 /* Frameworks */ = {
			isa = PBXFrameworksBuildPhase;
			buildActionMask = 2147483647;
			files = (
			);
			runOnlyForDeploymentPostprocessing = 0;
		};
		70F1FDB125F2E00F00C1AD80 /* Frameworks */ = {
			isa = PBXFrameworksBuildPhase;
			buildActionMask = 2147483647;
			files = (
			);
			runOnlyForDeploymentPostprocessing = 0;
		};
		70F1FDBC25F2E00F00C1AD80 /* Frameworks */ = {
			isa = PBXFrameworksBuildPhase;
			buildActionMask = 2147483647;
			files = (
			);
			runOnlyForDeploymentPostprocessing = 0;
		};
/* End PBXFrameworksBuildPhase section */

/* Begin PBXGroup section */
		70F1FD9225F2E00100C1AD80 = {
			isa = PBXGroup;
			children = (
				70F1FD9D25F2E00100C1AD80 /* Bot Shop */,
				70F1FDB725F2E00F00C1AD80 /* Bot ShopTests */,
				70F1FDC225F2E00F00C1AD80 /* Bot ShopUITests */,
				70F1FD9C25F2E00100C1AD80 /* Products */,
			);
			sourceTree = "<group>";
		};
		70F1FD9C25F2E00100C1AD80 /* Products */ = {
			isa = PBXGroup;
			children = (
				70F1FD9B25F2E00100C1AD80 /* Bot Shop.app */,
				70F1FDB425F2E00F00C1AD80 /* Bot ShopTests.xctest */,
				70F1FDBF25F2E00F00C1AD80 /* Bot ShopUITests.xctest */,
			);
			name = Products;
			sourceTree = "<group>";
		};
		70F1FD9D25F2E00100C1AD80 /* Bot Shop */ = {
			isa = PBXGroup;
			children = (
				70F1FE0A25F2F8B700C1AD80 /* Delegates */,
				70F1FE0625F2F8AA00C1AD80 /* Controllers */,
				70F1FDAA25F2E00E00C1AD80 /* Assets.xcassets */,
				70F1FDAC25F2E00E00C1AD80 /* LaunchScreen.storyboard */,
				70F1FDAF25F2E00E00C1AD80 /* Info.plist */,
				70F1FDA725F2E00100C1AD80 /* Bot_Shop.xcdatamodeld */,
			);
			path = "Bot Shop";
			sourceTree = "<group>";
		};
		70F1FDB725F2E00F00C1AD80 /* Bot ShopTests */ = {
			isa = PBXGroup;
			children = (
				70F1FDB825F2E00F00C1AD80 /* Bot_ShopTests.swift */,
				70F1FDBA25F2E00F00C1AD80 /* Info.plist */,
			);
			path = "Bot ShopTests";
			sourceTree = "<group>";
		};
		70F1FDC225F2E00F00C1AD80 /* Bot ShopUITests */ = {
			isa = PBXGroup;
			children = (
				70F1FDC325F2E00F00C1AD80 /* Bot_ShopUITests.swift */,
				70F1FDC525F2E00F00C1AD80 /* Info.plist */,
			);
			path = "Bot ShopUITests";
			sourceTree = "<group>";
		};
		70F1FE0025F2F7AD00C1AD80 /* Past Orders */ = {
			isa = PBXGroup;
			children = (
				70F1FDDA25F2E4BD00C1AD80 /* PastOrderViewController.swift */,
				70F1FDF125F2F10E00C1AD80 /* PastOrderCell.swift */,
			);
			path = "Past Orders";
			sourceTree = "<group>";
		};
		70F1FE0225F2F7F400C1AD80 /* New Orders */ = {
			isa = PBXGroup;
			children = (
				70F1FDA225F2E00100C1AD80 /* NewOrderViewController.swift */,
				70F1FDE725F2E86000C1AD80 /* NewItemCell.swift */,
			);
			path = "New Orders";
			sourceTree = "<group>";
		};
		70F1FE0625F2F8AA00C1AD80 /* Controllers */ = {
			isa = PBXGroup;
			children = (
				70F1FE0225F2F7F400C1AD80 /* New Orders */,
				70F1FE0025F2F7AD00C1AD80 /* Past Orders */,
				70F1FE0E25F2F9DA00C1AD80 /* Models */,
				70F1FDFB25F2F79400C1AD80 /* OrderList.swift */,
				70F1FDDF25F2E52B00C1AD80 /* TabBarController.swift */,
			);
			path = Controllers;
			sourceTree = "<group>";
		};
		70F1FE0A25F2F8B700C1AD80 /* Delegates */ = {
			isa = PBXGroup;
			children = (
				70F1FD9E25F2E00100C1AD80 /* AppDelegate.swift */,
				70F1FDA025F2E00100C1AD80 /* SceneDelegate.swift */,
			);
			path = Delegates;
			sourceTree = "<group>";
		};
		70F1FE0E25F2F9DA00C1AD80 /* Models */ = {
			isa = PBXGroup;
			children = (
				70F1FDEC25F2EC8B00C1AD80 /* Item.swift */,
				70F1FDF625F2F44300C1AD80 /* Order.swift */,
			);
			path = Models;
			sourceTree = "<group>";
		};
/* End PBXGroup section */

/* Begin PBXNativeTarget section */
		70F1FD9A25F2E00100C1AD80 /* Bot Shop */ = {
			isa = PBXNativeTarget;
			buildConfigurationList = 70F1FDC825F2E00F00C1AD80 /* Build configuration list for PBXNativeTarget "Bot Shop" */;
			buildPhases = (
				70F1FD9725F2E00100C1AD80 /* Sources */,
				70F1FD9825F2E00100C1AD80 /* Frameworks */,
				70F1FD9925F2E00100C1AD80 /* Resources */,
			);
			buildRules = (
			);
			dependencies = (
			);
			name = "Bot Shop";
			productName = "Bot Shop";
			productReference = 70F1FD9B25F2E00100C1AD80 /* Bot Shop.app */;
			productType = "com.apple.product-type.application";
		};
		70F1FDB325F2E00F00C1AD80 /* Bot ShopTests */ = {
			isa = PBXNativeTarget;
			buildConfigurationList = 70F1FDCB25F2E00F00C1AD80 /* Build configuration list for PBXNativeTarget "Bot ShopTests" */;
			buildPhases = (
				70F1FDB025F2E00F00C1AD80 /* Sources */,
				70F1FDB125F2E00F00C1AD80 /* Frameworks */,
				70F1FDB225F2E00F00C1AD80 /* Resources */,
			);
			buildRules = (
			);
			dependencies = (
				70F1FDB625F2E00F00C1AD80 /* PBXTargetDependency */,
			);
			name = "Bot ShopTests";
			productName = "Bot ShopTests";
			productReference = 70F1FDB425F2E00F00C1AD80 /* Bot ShopTests.xctest */;
			productType = "com.apple.product-type.bundle.unit-test";
		};
		70F1FDBE25F2E00F00C1AD80 /* Bot ShopUITests */ = {
			isa = PBXNativeTarget;
			buildConfigurationList = 70F1FDCE25F2E00F00C1AD80 /* Build configuration list for PBXNativeTarget "Bot ShopUITests" */;
			buildPhases = (
				70F1FDBB25F2E00F00C1AD80 /* Sources */,
				70F1FDBC25F2E00F00C1AD80 /* Frameworks */,
				70F1FDBD25F2E00F00C1AD80 /* Resources */,
			);
			buildRules = (
			);
			dependencies = (
				70F1FDC125F2E00F00C1AD80 /* PBXTargetDependency */,
			);
			name = "Bot ShopUITests";
			productName = "Bot ShopUITests";
			productReference = 70F1FDBF25F2E00F00C1AD80 /* Bot ShopUITests.xctest */;
			productType = "com.apple.product-type.bundle.ui-testing";
		};
/* End PBXNativeTarget section */

/* Begin PBXProject section */
		70F1FD9325F2E00100C1AD80 /* Project object */ = {
			isa = PBXProject;
			attributes = {
				LastSwiftUpdateCheck = 1240;
				LastUpgradeCheck = 1240;
				TargetAttributes = {
					70F1FD9A25F2E00100C1AD80 = {
						CreatedOnToolsVersion = 12.4;
					};
					70F1FDB325F2E00F00C1AD80 = {
						CreatedOnToolsVersion = 12.4;
						TestTargetID = 70F1FD9A25F2E00100C1AD80;
					};
					70F1FDBE25F2E00F00C1AD80 = {
						CreatedOnToolsVersion = 12.4;
						TestTargetID = 70F1FD9A25F2E00100C1AD80;
					};
				};
			};
			buildConfigurationList = 70F1FD9625F2E00100C1AD80 /* Build configuration list for PBXProject "Bot Shop" */;
			compatibilityVersion = "Xcode 9.3";
			developmentRegion = en;
			hasScannedForEncodings = 0;
			knownRegions = (
				en,
				Base,
			);
			mainGroup = 70F1FD9225F2E00100C1AD80;
			productRefGroup = 70F1FD9C25F2E00100C1AD80 /* Products */;
			projectDirPath = "";
			projectRoot = "";
			targets = (
				70F1FD9A25F2E00100C1AD80 /* Bot Shop */,
				70F1FDB325F2E00F00C1AD80 /* Bot ShopTests */,
				70F1FDBE25F2E00F00C1AD80 /* Bot ShopUITests */,
			);
		};
/* End PBXProject section */

/* Begin PBXResourcesBuildPhase section */
		70F1FD9925F2E00100C1AD80 /* Resources */ = {
			isa = PBXResourcesBuildPhase;
			buildActionMask = 2147483647;
			files = (
				70F1FDAE25F2E00E00C1AD80 /* LaunchScreen.storyboard in Resources */,
				70F1FDAB25F2E00E00C1AD80 /* Assets.xcassets in Resources */,
			);
			runOnlyForDeploymentPostprocessing = 0;
		};
		70F1FDB225F2E00F00C1AD80 /* Resources */ = {
			isa = PBXResourcesBuildPhase;
			buildActionMask = 2147483647;
			files = (
			);
			runOnlyForDeploymentPostprocessing = 0;
		};
		70F1FDBD25F2E00F00C1AD80 /* Resources */ = {
			isa = PBXResourcesBuildPhase;
			buildActionMask = 2147483647;
			files = (
			);
			runOnlyForDeploymentPostprocessing = 0;
		};
/* End PBXResourcesBuildPhase section */

/* Begin PBXSourcesBuildPhase section */
		70F1FD9725F2E00100C1AD80 /* Sources */ = {
			isa = PBXSourcesBuildPhase;
			buildActionMask = 2147483647;
			files = (
				70F1FDDB25F2E4BD00C1AD80 /* PastOrderViewController.swift in Sources */,
				70F1FDA325F2E00100C1AD80 /* NewOrderViewController.swift in Sources */,
				70F1FDF725F2F44300C1AD80 /* Order.swift in Sources */,
				70F1FDFC25F2F79400C1AD80 /* OrderList.swift in Sources */,
				70F1FD9F25F2E00100C1AD80 /* AppDelegate.swift in Sources */,
				70F1FDE825F2E86000C1AD80 /* NewItemCell.swift in Sources */,
				70F1FDED25F2EC8B00C1AD80 /* Item.swift in Sources */,
				70F1FDE025F2E52B00C1AD80 /* TabBarController.swift in Sources */,
				70F1FDA125F2E00100C1AD80 /* SceneDelegate.swift in Sources */,
				70F1FDA925F2E00100C1AD80 /* Bot_Shop.xcdatamodeld in Sources */,
				70F1FDF225F2F10E00C1AD80 /* PastOrderCell.swift in Sources */,
			);
			runOnlyForDeploymentPostprocessing = 0;
		};
		70F1FDB025F2E00F00C1AD80 /* Sources */ = {
			isa = PBXSourcesBuildPhase;
			buildActionMask = 2147483647;
			files = (
				70F1FDB925F2E00F00C1AD80 /* Bot_ShopTests.swift in Sources */,
			);
			runOnlyForDeploymentPostprocessing = 0;
		};
		70F1FDBB25F2E00F00C1AD80 /* Sources */ = {
			isa = PBXSourcesBuildPhase;
			buildActionMask = 2147483647;
			files = (
				70F1FDC425F2E00F00C1AD80 /* Bot_ShopUITests.swift in Sources */,
			);
			runOnlyForDeploymentPostprocessing = 0;
		};
/* End PBXSourcesBuildPhase section */

/* Begin PBXTargetDependency section */
		70F1FDB625F2E00F00C1AD80 /* PBXTargetDependency */ = {
			isa = PBXTargetDependency;
			target = 70F1FD9A25F2E00100C1AD80 /* Bot Shop */;
			targetProxy = 70F1FDB525F2E00F00C1AD80 /* PBXContainerItemProxy */;
		};
		70F1FDC125F2E00F00C1AD80 /* PBXTargetDependency */ = {
			isa = PBXTargetDependency;
			target = 70F1FD9A25F2E00100C1AD80 /* Bot Shop */;
			targetProxy = 70F1FDC025F2E00F00C1AD80 /* PBXContainerItemProxy */;
		};
/* End PBXTargetDependency section */

/* Begin PBXVariantGroup section */
		70F1FDAC25F2E00E00C1AD80 /* LaunchScreen.storyboard */ = {
			isa = PBXVariantGroup;
			children = (
				70F1FDAD25F2E00E00C1AD80 /* Base */,
			);
			name = LaunchScreen.storyboard;
			sourceTree = "<group>";
		};
/* End PBXVariantGroup section */

/* Begin XCBuildConfiguration section */
		70F1FDC625F2E00F00C1AD80 /* Debug */ = {
			isa = XCBuildConfiguration;
			buildSettings = {
				ALWAYS_SEARCH_USER_PATHS = NO;
				CLANG_ANALYZER_NONNULL = YES;
				CLANG_ANALYZER_NUMBER_OBJECT_CONVERSION = YES_AGGRESSIVE;
				CLANG_CXX_LANGUAGE_STANDARD = "gnu++14";
				CLANG_CXX_LIBRARY = "libc++";
				CLANG_ENABLE_MODULES = YES;
				CLANG_ENABLE_OBJC_ARC = YES;
				CLANG_ENABLE_OBJC_WEAK = YES;
				CLANG_WARN_BLOCK_CAPTURE_AUTORELEASING = YES;
				CLANG_WARN_BOOL_CONVERSION = YES;
				CLANG_WARN_COMMA = YES;
				CLANG_WARN_CONSTANT_CONVERSION = YES;
				CLANG_WARN_DEPRECATED_OBJC_IMPLEMENTATIONS = YES;
				CLANG_WARN_DIRECT_OBJC_ISA_USAGE = YES_ERROR;
				CLANG_WARN_DOCUMENTATION_COMMENTS = YES;
				CLANG_WARN_EMPTY_BODY = YES;
				CLANG_WARN_ENUM_CONVERSION = YES;
				CLANG_WARN_INFINITE_RECURSION = YES;
				CLANG_WARN_INT_CONVERSION = YES;
				CLANG_WARN_NON_LITERAL_NULL_CONVERSION = YES;
				CLANG_WARN_OBJC_IMPLICIT_RETAIN_SELF = YES;
				CLANG_WARN_OBJC_LITERAL_CONVERSION = YES;
				CLANG_WARN_OBJC_ROOT_CLASS = YES_ERROR;
				CLANG_WARN_QUOTED_INCLUDE_IN_FRAMEWORK_HEADER = YES;
				CLANG_WARN_RANGE_LOOP_ANALYSIS = YES;
				CLANG_WARN_STRICT_PROTOTYPES = YES;
				CLANG_WARN_SUSPICIOUS_MOVE = YES;
				CLANG_WARN_UNGUARDED_AVAILABILITY = YES_AGGRESSIVE;
				CLANG_WARN_UNREACHABLE_CODE = YES;
				CLANG_WARN__DUPLICATE_METHOD_MATCH = YES;
				COPY_PHASE_STRIP = NO;
				DEBUG_INFORMATION_FORMAT = dwarf;
				ENABLE_STRICT_OBJC_MSGSEND = YES;
				ENABLE_TESTABILITY = YES;
				GCC_C_LANGUAGE_STANDARD = gnu11;
				GCC_DYNAMIC_NO_PIC = NO;
				GCC_NO_COMMON_BLOCKS = YES;
				GCC_OPTIMIZATION_LEVEL = 0;
				GCC_PREPROCESSOR_DEFINITIONS = (
					"DEBUG=1",
					"$(inherited)",
				);
				GCC_WARN_64_TO_32_BIT_CONVERSION = YES;
				GCC_WARN_ABOUT_RETURN_TYPE = YES_ERROR;
				GCC_WARN_UNDECLARED_SELECTOR = YES;
				GCC_WARN_UNINITIALIZED_AUTOS = YES_AGGRESSIVE;
				GCC_WARN_UNUSED_FUNCTION = YES;
				GCC_WARN_UNUSED_VARIABLE = YES;
				IPHONEOS_DEPLOYMENT_TARGET = 14.4;
				MTL_ENABLE_DEBUG_INFO = INCLUDE_SOURCE;
				MTL_FAST_MATH = YES;
				ONLY_ACTIVE_ARCH = YES;
				SDKROOT = iphoneos;
				SWIFT_ACTIVE_COMPILATION_CONDITIONS = DEBUG;
				SWIFT_OPTIMIZATION_LEVEL = "-Onone";
			};
			name = Debug;
		};
		70F1FDC725F2E00F00C1AD80 /* Release */ = {
			isa = XCBuildConfiguration;
			buildSettings = {
				ALWAYS_SEARCH_USER_PATHS = NO;
				CLANG_ANALYZER_NONNULL = YES;
				CLANG_ANALYZER_NUMBER_OBJECT_CONVERSION = YES_AGGRESSIVE;
				CLANG_CXX_LANGUAGE_STANDARD = "gnu++14";
				CLANG_CXX_LIBRARY = "libc++";
				CLANG_ENABLE_MODULES = YES;
				CLANG_ENABLE_OBJC_ARC = YES;
				CLANG_ENABLE_OBJC_WEAK = YES;
				CLANG_WARN_BLOCK_CAPTURE_AUTORELEASING = YES;
				CLANG_WARN_BOOL_CONVERSION = YES;
				CLANG_WARN_COMMA = YES;
				CLANG_WARN_CONSTANT_CONVERSION = YES;
				CLANG_WARN_DEPRECATED_OBJC_IMPLEMENTATIONS = YES;
				CLANG_WARN_DIRECT_OBJC_ISA_USAGE = YES_ERROR;
				CLANG_WARN_DOCUMENTATION_COMMENTS = YES;
				CLANG_WARN_EMPTY_BODY = YES;
				CLANG_WARN_ENUM_CONVERSION = YES;
				CLANG_WARN_INFINITE_RECURSION = YES;
				CLANG_WARN_INT_CONVERSION = YES;
				CLANG_WARN_NON_LITERAL_NULL_CONVERSION = YES;
				CLANG_WARN_OBJC_IMPLICIT_RETAIN_SELF = YES;
				CLANG_WARN_OBJC_LITERAL_CONVERSION = YES;
				CLANG_WARN_OBJC_ROOT_CLASS = YES_ERROR;
				CLANG_WARN_QUOTED_INCLUDE_IN_FRAMEWORK_HEADER = YES;
				CLANG_WARN_RANGE_LOOP_ANALYSIS = YES;
				CLANG_WARN_STRICT_PROTOTYPES = YES;
				CLANG_WARN_SUSPICIOUS_MOVE = YES;
				CLANG_WARN_UNGUARDED_AVAILABILITY = YES_AGGRESSIVE;
				CLANG_WARN_UNREACHABLE_CODE = YES;
				CLANG_WARN__DUPLICATE_METHOD_MATCH = YES;
				COPY_PHASE_STRIP = NO;
				DEBUG_INFORMATION_FORMAT = "dwarf-with-dsym";
				ENABLE_NS_ASSERTIONS = NO;
				ENABLE_STRICT_OBJC_MSGSEND = YES;
				GCC_C_LANGUAGE_STANDARD = gnu11;
				GCC_NO_COMMON_BLOCKS = YES;
				GCC_WARN_64_TO_32_BIT_CONVERSION = YES;
				GCC_WARN_ABOUT_RETURN_TYPE = YES_ERROR;
				GCC_WARN_UNDECLARED_SELECTOR = YES;
				GCC_WARN_UNINITIALIZED_AUTOS = YES_AGGRESSIVE;
				GCC_WARN_UNUSED_FUNCTION = YES;
				GCC_WARN_UNUSED_VARIABLE = YES;
				IPHONEOS_DEPLOYMENT_TARGET = 14.4;
				MTL_ENABLE_DEBUG_INFO = NO;
				MTL_FAST_MATH = YES;
				SDKROOT = iphoneos;
				SWIFT_COMPILATION_MODE = wholemodule;
				SWIFT_OPTIMIZATION_LEVEL = "-O";
				VALIDATE_PRODUCT = YES;
			};
			name = Release;
		};
		70F1FDC925F2E00F00C1AD80 /* Debug */ = {
			isa = XCBuildConfiguration;
			buildSettings = {
				ASSETCATALOG_COMPILER_APPICON_NAME = AppIcon;
				ASSETCATALOG_COMPILER_GLOBAL_ACCENT_COLOR_NAME = AccentColor;
				CODE_SIGN_STYLE = Automatic;
				DEVELOPMENT_TEAM = YPMPDYQ53U;
				INFOPLIST_FILE = "Bot Shop/Info.plist";
				LD_RUNPATH_SEARCH_PATHS = (
					"$(inherited)",
					"@executable_path/Frameworks",
				);
				PRODUCT_BUNDLE_IDENTIFIER = "com.ryancornel.makeschool.Bot-Shop";
				PRODUCT_NAME = "$(TARGET_NAME)";
				SWIFT_VERSION = 5.0;
				TARGETED_DEVICE_FAMILY = "1,2";
			};
			name = Debug;
		};
		70F1FDCA25F2E00F00C1AD80 /* Release */ = {
			isa = XCBuildConfiguration;
			buildSettings = {
				ASSETCATALOG_COMPILER_APPICON_NAME = AppIcon;
				ASSETCATALOG_COMPILER_GLOBAL_ACCENT_COLOR_NAME = AccentColor;
				CODE_SIGN_STYLE = Automatic;
				DEVELOPMENT_TEAM = YPMPDYQ53U;
				INFOPLIST_FILE = "Bot Shop/Info.plist";
				LD_RUNPATH_SEARCH_PATHS = (
					"$(inherited)",
					"@executable_path/Frameworks",
				);
				PRODUCT_BUNDLE_IDENTIFIER = "com.ryancornel.makeschool.Bot-Shop";
				PRODUCT_NAME = "$(TARGET_NAME)";
				SWIFT_VERSION = 5.0;
				TARGETED_DEVICE_FAMILY = "1,2";
			};
			name = Release;
		};
		70F1FDCC25F2E00F00C1AD80 /* Debug */ = {
			isa = XCBuildConfiguration;
			buildSettings = {
				ALWAYS_EMBED_SWIFT_STANDARD_LIBRARIES = YES;
				BUNDLE_LOADER = "$(TEST_HOST)";
				CODE_SIGN_STYLE = Automatic;
				DEVELOPMENT_TEAM = YPMPDYQ53U;
				INFOPLIST_FILE = "Bot ShopTests/Info.plist";
				IPHONEOS_DEPLOYMENT_TARGET = 14.4;
				LD_RUNPATH_SEARCH_PATHS = (
					"$(inherited)",
					"@executable_path/Frameworks",
					"@loader_path/Frameworks",
				);
				PRODUCT_BUNDLE_IDENTIFIER = "com.ryancornel.makeschool.Bot-ShopTests";
				PRODUCT_NAME = "$(TARGET_NAME)";
				SWIFT_VERSION = 5.0;
				TARGETED_DEVICE_FAMILY = "1,2";
				TEST_HOST = "$(BUILT_PRODUCTS_DIR)/Bot Shop.app/Bot Shop";
			};
			name = Debug;
		};
		70F1FDCD25F2E00F00C1AD80 /* Release */ = {
			isa = XCBuildConfiguration;
			buildSettings = {
				ALWAYS_EMBED_SWIFT_STANDARD_LIBRARIES = YES;
				BUNDLE_LOADER = "$(TEST_HOST)";
				CODE_SIGN_STYLE = Automatic;
				DEVELOPMENT_TEAM = YPMPDYQ53U;
				INFOPLIST_FILE = "Bot ShopTests/Info.plist";
				IPHONEOS_DEPLOYMENT_TARGET = 14.4;
				LD_RUNPATH_SEARCH_PATHS = (
					"$(inherited)",
					"@executable_path/Frameworks",
					"@loader_path/Frameworks",
				);
				PRODUCT_BUNDLE_IDENTIFIER = "com.ryancornel.makeschool.Bot-ShopTests";
				PRODUCT_NAME = "$(TARGET_NAME)";
				SWIFT_VERSION = 5.0;
				TARGETED_DEVICE_FAMILY = "1,2";
				TEST_HOST = "$(BUILT_PRODUCTS_DIR)/Bot Shop.app/Bot Shop";
			};
			name = Release;
		};
		70F1FDCF25F2E00F00C1AD80 /* Debug */ = {
			isa = XCBuildConfiguration;
			buildSettings = {
				ALWAYS_EMBED_SWIFT_STANDARD_LIBRARIES = YES;
				CODE_SIGN_STYLE = Automatic;
				DEVELOPMENT_TEAM = YPMPDYQ53U;
				INFOPLIST_FILE = "Bot ShopUITests/Info.plist";
				LD_RUNPATH_SEARCH_PATHS = (
					"$(inherited)",
					"@executable_path/Frameworks",
					"@loader_path/Frameworks",
				);
				PRODUCT_BUNDLE_IDENTIFIER = "com.ryancornel.makeschool.Bot-ShopUITests";
				PRODUCT_NAME = "$(TARGET_NAME)";
				SWIFT_VERSION = 5.0;
				TARGETED_DEVICE_FAMILY = "1,2";
				TEST_TARGET_NAME = "Bot Shop";
			};
			name = Debug;
		};
		70F1FDD025F2E00F00C1AD80 /* Release */ = {
			isa = XCBuildConfiguration;
			buildSettings = {
				ALWAYS_EMBED_SWIFT_STANDARD_LIBRARIES = YES;
				CODE_SIGN_STYLE = Automatic;
				DEVELOPMENT_TEAM = YPMPDYQ53U;
				INFOPLIST_FILE = "Bot ShopUITests/Info.plist";
				LD_RUNPATH_SEARCH_PATHS = (
					"$(inherited)",
					"@executable_path/Frameworks",
					"@loader_path/Frameworks",
				);
				PRODUCT_BUNDLE_IDENTIFIER = "com.ryancornel.makeschool.Bot-ShopUITests";
				PRODUCT_NAME = "$(TARGET_NAME)";
				SWIFT_VERSION = 5.0;
				TARGETED_DEVICE_FAMILY = "1,2";
				TEST_TARGET_NAME = "Bot Shop";
			};
			name = Release;
		};
/* End XCBuildConfiguration section */

/* Begin XCConfigurationList section */
		70F1FD9625F2E00100C1AD80 /* Build configuration list for PBXProject "Bot Shop" */ = {
			isa = XCConfigurationList;
			buildConfigurations = (
				70F1FDC625F2E00F00C1AD80 /* Debug */,
				70F1FDC725F2E00F00C1AD80 /* Release */,
			);
			defaultConfigurationIsVisible = 0;
			defaultConfigurationName = Release;
		};
		70F1FDC825F2E00F00C1AD80 /* Build configuration list for PBXNativeTarget "Bot Shop" */ = {
			isa = XCConfigurationList;
			buildConfigurations = (
				70F1FDC925F2E00F00C1AD80 /* Debug */,
				70F1FDCA25F2E00F00C1AD80 /* Release */,
			);
			defaultConfigurationIsVisible = 0;
			defaultConfigurationName = Release;
		};
		70F1FDCB25F2E00F00C1AD80 /* Build configuration list for PBXNativeTarget "Bot ShopTests" */ = {
			isa = XCConfigurationList;
			buildConfigurations = (
				70F1FDCC25F2E00F00C1AD80 /* Debug */,
				70F1FDCD25F2E00F00C1AD80 /* Release */,
			);
			defaultConfigurationIsVisible = 0;
			defaultConfigurationName = Release;
		};
		70F1FDCE25F2E00F00C1AD80 /* Build configuration list for PBXNativeTarget "Bot ShopUITests" */ = {
			isa = XCConfigurationList;
			buildConfigurations = (
				70F1FDCF25F2E00F00C1AD80 /* Debug */,
				70F1FDD025F2E00F00C1AD80 /* Release */,
			);
			defaultConfigurationIsVisible = 0;
			defaultConfigurationName = Release;
		};
/* End XCConfigurationList section */

/* Begin XCVersionGroup section */
		70F1FDA725F2E00100C1AD80 /* Bot_Shop.xcdatamodeld */ = {
			isa = XCVersionGroup;
			children = (
				70F1FDA825F2E00100C1AD80 /* Bot_Shop.xcdatamodel */,
			);
			currentVersion = 70F1FDA825F2E00100C1AD80 /* Bot_Shop.xcdatamodel */;
			path = Bot_Shop.xcdatamodeld;
			sourceTree = "<group>";
			versionGroupType = wrapper.xcdatamodel;
		};
/* End XCVersionGroup section */
	};
	rootObject = 70F1FD9325F2E00100C1AD80 /* Project object */;
}
